
Microsoft Visual Studio Solution File, Format Version 12.00
# Visual Studio 15
VisualStudioVersion = 15.0.26228.9
MinimumVisualStudioVersion = 10.0.40219.1
Project("{FAE04EC0-301F-11D3-BF4B-00C04F79EFBC}") = "ChooseDrink", "ChooseDrink\ChooseDrink.csproj", "{BFEDAB34-AE33-45B8-B075-710E57E83ABC}"
EndProject
Project("{FAE04EC0-301F-11D3-BF4B-00C04F79EFBC}") = "DrinkPrice", "DrinkPrice\DrinkPrice.csproj", "{E97F397F-888D-48BD-BECE-6B6A23A13749}"
EndProject
Project("{FAE04EC0-301F-11D3-BF4B-00C04F79EFBC}") = "RestaurantDiscount", "RestaurantDiscount\RestaurantDiscount.csproj", "{737F6D4D-FF4A-4F5D-9969-6B30BECC12FC}"
EndProject
Project("{FAE04EC0-301F-11D3-BF4B-00C04F79EFBC}") = "Hotel", "Hotel\Hotel.csproj", "{EB045643-94D1-43A7-ABCE-41F58ECB529A}"
EndProject
Project("{FAE04EC0-301F-11D3-BF4B-00C04F79EFBC}") = "WordInPlural", "WordInPlural\WordInPlural.csproj", "{5BB58DBE-7971-4F5C-9030-F0F3DE352B48}"
EndProject
Project("{FAE04EC0-301F-11D3-BF4B-00C04F79EFBC}") = "IntervalOfNumbers", "IntervalOfNumbers\IntervalOfNumbers.csproj", "{371E23E9-DFF0-4763-93C9-9322BC1FBEF0}"
EndProject
Project("{FAE04EC0-301F-11D3-BF4B-00C04F79EFBC}") = "CakeIngredients", "CakeIngredients\CakeIngredients.csproj", "{BC9BB3B4-B43B-4A9E-B9BD-DB77A96554F9}"
EndProject
Project("{FAE04EC0-301F-11D3-BF4B-00C04F79EFBC}") = "CaloriesCounter", "CaloriesCounter\CaloriesCounter.csproj", "{945DA39E-B528-415D-9A7B-C5407AB77DA0}"
EndProject
Project("{FAE04EC0-301F-11D3-BF4B-00C04F79EFBC}") = "CountTheIntegers", "CountTheIntegers\CountTheIntegers.csproj", "{317AC7AF-74DC-4844-ACF4-7ACEBCB4788D}"
EndProject
Project("{FAE04EC0-301F-11D3-BF4B-00C04F79EFBC}") = "TriangleOfNumbers", "TriangleOfNumbers\TriangleOfNumbers.csproj", "{43A6A06B-D810-4274-A052-D96DE1841825}"
EndProject
Project("{FAE04EC0-301F-11D3-BF4B-00C04F79EFBC}") = "FiveDifferentNumbers", "FiveDifferentNumbers\FiveDifferentNumbers.csproj", "{11C2E332-3411-4EC1-BB70-FA9B4529D36A}"
EndProject
Project("{FAE04EC0-301F-11D3-BF4B-00C04F79EFBC}") = "TestNumbers", "TestNumbers\TestNumbers.csproj", "{D61B3A82-EDA0-48B6-8FBE-F6A348462EBF}"
EndProject
Project("{FAE04EC0-301F-11D3-BF4B-00C04F79EFBC}") = "GameOfNumbers", "GameOfNumbers\GameOfNumbers.csproj", "{0DED733D-42ED-4A1C-A4A7-5F618486E6BD}"
EndProject
Project("{FAE04EC0-301F-11D3-BF4B-00C04F79EFBC}") = "MagicLetter", "MagicLetter\MagicLetter.csproj", "{EF98AABF-EED1-43B0-9CC8-F38A4C332705}"
EndProject
Project("{FAE04EC0-301F-11D3-BF4B-00C04F79EFBC}") = "NeighbourWars", "NeighbourWars\NeighbourWars.csproj", "{A4B8D7F9-4F50-482F-AB28-201539E4103B}"
EndProject
Project("{FAE04EC0-301F-11D3-BF4B-00C04F79EFBC}") = "BackInThirtyMinutes", "BackInThirtyMinutes\BackInThirtyMinutes.csproj", "{29602C4A-B882-4801-97EA-D27FA320A32F}"
EndProject
Project("{FAE04EC0-301F-11D3-BF4B-00C04F79EFBC}") = "Passed", "Passed\Passed.csproj", "{227B2DDD-21E7-4815-873C-4647325EAEDE}"
EndProject
Project("{FAE04EC0-301F-11D3-BF4B-00C04F79EFBC}") = "PassedOrFailed", "PassedOrFailed\PassedOrFailed.csproj", "{B81DFA60-0D92-42CB-837B-D6B9AB58C765}"
EndProject
Project("{FAE04EC0-301F-11D3-BF4B-00C04F79EFBC}") = "MonthPrinter", "MonthPrinter\MonthPrinter.csproj", "{63BECBE3-C922-4CC6-ADE0-F88A96604F3D}"
EndProject
Project("{FAE04EC0-301F-11D3-BF4B-00C04F79EFBC}") = "ForeignLanguages", "ForeignLanguages\ForeignLanguages.csproj", "{B1654D98-C01F-45B9-AACA-7C3C0246713A}"
EndProject
Project("{FAE04EC0-301F-11D3-BF4B-00C04F79EFBC}") = "TheatrePromotion", "TheatrePromotion\TheatrePromotion.csproj", "{CB1D1ACB-1932-4310-881D-E1B2D2D26ED0}"
EndProject
Project("{FAE04EC0-301F-11D3-BF4B-00C04F79EFBC}") = "DivisibleByThree", "DivisibleByThree\DivisibleByThree.csproj", "{B40A7350-5B92-4F58-BE7C-A913DE9900D8}"
EndProject
Project("{FAE04EC0-301F-11D3-BF4B-00C04F79EFBC}") = "SumOfOddNumbers", "SumOfOddNumbers\SumOfOddNumbers.csproj", "{90D01C33-4F6C-4BAF-A447-F5F17A959BF1}"
EndProject
Project("{FAE04EC0-301F-11D3-BF4B-00C04F79EFBC}") = "MultiplicationTable", "MultiplicationTable\MultiplicationTable.csproj", "{33C9AC91-704A-49CF-9C0D-10FD9EF50F7F}"
EndProject
Project("{FAE04EC0-301F-11D3-BF4B-00C04F79EFBC}") = "MultiplicationTableSecond", "MultiplicationTableSecond\MultiplicationTableSecond.csproj", "{4AFC7267-A716-4C68-AE41-7A6FB61CF55E}"
EndProject
Project("{FAE04EC0-301F-11D3-BF4B-00C04F79EFBC}") = "OddNumber", "OddNumber\OddNumber.csproj", "{8FB92B16-6016-40B1-BBD1-242E2B7BFF9A}"
EndProject
Project("{FAE04EC0-301F-11D3-BF4B-00C04F79EFBC}") = "NumberChecker", "NumberChecker\NumberChecker.csproj", "{E5DFBD2F-B76A-40DA-A4F9-1C655A0ED6BC}"
EndProject
Global
	GlobalSection(SolutionConfigurationPlatforms) = preSolution
		Debug|Any CPU = Debug|Any CPU
		Release|Any CPU = Release|Any CPU
	EndGlobalSection
	GlobalSection(ProjectConfigurationPlatforms) = postSolution
		{BFEDAB34-AE33-45B8-B075-710E57E83ABC}.Debug|Any CPU.ActiveCfg = Debug|Any CPU
		{BFEDAB34-AE33-45B8-B075-710E57E83ABC}.Debug|Any CPU.Build.0 = Debug|Any CPU
		{BFEDAB34-AE33-45B8-B075-710E57E83ABC}.Release|Any CPU.ActiveCfg = Release|Any CPU
		{BFEDAB34-AE33-45B8-B075-710E57E83ABC}.Release|Any CPU.Build.0 = Release|Any CPU
		{E97F397F-888D-48BD-BECE-6B6A23A13749}.Debug|Any CPU.ActiveCfg = Debug|Any CPU
		{E97F397F-888D-48BD-BECE-6B6A23A13749}.Debug|Any CPU.Build.0 = Debug|Any CPU
		{E97F397F-888D-48BD-BECE-6B6A23A13749}.Release|Any CPU.ActiveCfg = Release|Any CPU
		{E97F397F-888D-48BD-BECE-6B6A23A13749}.Release|Any CPU.Build.0 = Release|Any CPU
		{737F6D4D-FF4A-4F5D-9969-6B30BECC12FC}.Debug|Any CPU.ActiveCfg = Debug|Any CPU
		{737F6D4D-FF4A-4F5D-9969-6B30BECC12FC}.Debug|Any CPU.Build.0 = Debug|Any CPU
		{737F6D4D-FF4A-4F5D-9969-6B30BECC12FC}.Release|Any CPU.ActiveCfg = Release|Any CPU
		{737F6D4D-FF4A-4F5D-9969-6B30BECC12FC}.Release|Any CPU.Build.0 = Release|Any CPU
		{EB045643-94D1-43A7-ABCE-41F58ECB529A}.Debug|Any CPU.ActiveCfg = Debug|Any CPU
		{EB045643-94D1-43A7-ABCE-41F58ECB529A}.Debug|Any CPU.Build.0 = Debug|Any CPU
		{EB045643-94D1-43A7-ABCE-41F58ECB529A}.Release|Any CPU.ActiveCfg = Release|Any CPU
		{EB045643-94D1-43A7-ABCE-41F58ECB529A}.Release|Any CPU.Build.0 = Release|Any CPU
		{5BB58DBE-7971-4F5C-9030-F0F3DE352B48}.Debug|Any CPU.ActiveCfg = Debug|Any CPU
		{5BB58DBE-7971-4F5C-9030-F0F3DE352B48}.Debug|Any CPU.Build.0 = Debug|Any CPU
		{5BB58DBE-7971-4F5C-9030-F0F3DE352B48}.Release|Any CPU.ActiveCfg = Release|Any CPU
		{5BB58DBE-7971-4F5C-9030-F0F3DE352B48}.Release|Any CPU.Build.0 = Release|Any CPU
		{371E23E9-DFF0-4763-93C9-9322BC1FBEF0}.Debug|Any CPU.ActiveCfg = Debug|Any CPU
		{371E23E9-DFF0-4763-93C9-9322BC1FBEF0}.Debug|Any CPU.Build.0 = Debug|Any CPU
		{371E23E9-DFF0-4763-93C9-9322BC1FBEF0}.Release|Any CPU.ActiveCfg = Release|Any CPU
		{371E23E9-DFF0-4763-93C9-9322BC1FBEF0}.Release|Any CPU.Build.0 = Release|Any CPU
		{BC9BB3B4-B43B-4A9E-B9BD-DB77A96554F9}.Debug|Any CPU.ActiveCfg = Debug|Any CPU
		{BC9BB3B4-B43B-4A9E-B9BD-DB77A96554F9}.Debug|Any CPU.Build.0 = Debug|Any CPU
		{BC9BB3B4-B43B-4A9E-B9BD-DB77A96554F9}.Release|Any CPU.ActiveCfg = Release|Any CPU
		{BC9BB3B4-B43B-4A9E-B9BD-DB77A96554F9}.Release|Any CPU.Build.0 = Release|Any CPU
		{945DA39E-B528-415D-9A7B-C5407AB77DA0}.Debug|Any CPU.ActiveCfg = Debug|Any CPU
		{945DA39E-B528-415D-9A7B-C5407AB77DA0}.Debug|Any CPU.Build.0 = Debug|Any CPU
		{945DA39E-B528-415D-9A7B-C5407AB77DA0}.Release|Any CPU.ActiveCfg = Release|Any CPU
		{945DA39E-B528-415D-9A7B-C5407AB77DA0}.Release|Any CPU.Build.0 = Release|Any CPU
		{317AC7AF-74DC-4844-ACF4-7ACEBCB4788D}.Debug|Any CPU.ActiveCfg = Debug|Any CPU
		{317AC7AF-74DC-4844-ACF4-7ACEBCB4788D}.Debug|Any CPU.Build.0 = Debug|Any CPU
		{317AC7AF-74DC-4844-ACF4-7ACEBCB4788D}.Release|Any CPU.ActiveCfg = Release|Any CPU
		{317AC7AF-74DC-4844-ACF4-7ACEBCB4788D}.Release|Any CPU.Build.0 = Release|Any CPU
		{43A6A06B-D810-4274-A052-D96DE1841825}.Debug|Any CPU.ActiveCfg = Debug|Any CPU
		{43A6A06B-D810-4274-A052-D96DE1841825}.Debug|Any CPU.Build.0 = Debug|Any CPU
		{43A6A06B-D810-4274-A052-D96DE1841825}.Release|Any CPU.ActiveCfg = Release|Any CPU
		{43A6A06B-D810-4274-A052-D96DE1841825}.Release|Any CPU.Build.0 = Release|Any CPU
		{11C2E332-3411-4EC1-BB70-FA9B4529D36A}.Debug|Any CPU.ActiveCfg = Debug|Any CPU
		{11C2E332-3411-4EC1-BB70-FA9B4529D36A}.Debug|Any CPU.Build.0 = Debug|Any CPU
		{11C2E332-3411-4EC1-BB70-FA9B4529D36A}.Release|Any CPU.ActiveCfg = Release|Any CPU
		{11C2E332-3411-4EC1-BB70-FA9B4529D36A}.Release|Any CPU.Build.0 = Release|Any CPU
		{D61B3A82-EDA0-48B6-8FBE-F6A348462EBF}.Debug|Any CPU.ActiveCfg = Debug|Any CPU
		{D61B3A82-EDA0-48B6-8FBE-F6A348462EBF}.Debug|Any CPU.Build.0 = Debug|Any CPU
		{D61B3A82-EDA0-48B6-8FBE-F6A348462EBF}.Release|Any CPU.ActiveCfg = Release|Any CPU
		{D61B3A82-EDA0-48B6-8FBE-F6A348462EBF}.Release|Any CPU.Build.0 = Release|Any CPU
		{0DED733D-42ED-4A1C-A4A7-5F618486E6BD}.Debug|Any CPU.ActiveCfg = Debug|Any CPU
		{0DED733D-42ED-4A1C-A4A7-5F618486E6BD}.Debug|Any CPU.Build.0 = Debug|Any CPU
		{0DED733D-42ED-4A1C-A4A7-5F618486E6BD}.Release|Any CPU.ActiveCfg = Release|Any CPU
		{0DED733D-42ED-4A1C-A4A7-5F618486E6BD}.Release|Any CPU.Build.0 = Release|Any CPU
		{EF98AABF-EED1-43B0-9CC8-F38A4C332705}.Debug|Any CPU.ActiveCfg = Debug|Any CPU
		{EF98AABF-EED1-43B0-9CC8-F38A4C332705}.Debug|Any CPU.Build.0 = Debug|Any CPU
		{EF98AABF-EED1-43B0-9CC8-F38A4C332705}.Release|Any CPU.ActiveCfg = Release|Any CPU
		{EF98AABF-EED1-43B0-9CC8-F38A4C332705}.Release|Any CPU.Build.0 = Release|Any CPU
		{A4B8D7F9-4F50-482F-AB28-201539E4103B}.Debug|Any CPU.ActiveCfg = Debug|Any CPU
		{A4B8D7F9-4F50-482F-AB28-201539E4103B}.Debug|Any CPU.Build.0 = Debug|Any CPU
		{A4B8D7F9-4F50-482F-AB28-201539E4103B}.Release|Any CPU.ActiveCfg = Release|Any CPU
		{A4B8D7F9-4F50-482F-AB28-201539E4103B}.Release|Any CPU.Build.0 = Release|Any CPU
		{29602C4A-B882-4801-97EA-D27FA320A32F}.Debug|Any CPU.ActiveCfg = Debug|Any CPU
		{29602C4A-B882-4801-97EA-D27FA320A32F}.Debug|Any CPU.Build.0 = Debug|Any CPU
		{29602C4A-B882-4801-97EA-D27FA320A32F}.Release|Any CPU.ActiveCfg = Release|Any CPU
		{29602C4A-B882-4801-97EA-D27FA320A32F}.Release|Any CPU.Build.0 = Release|Any CPU
		{227B2DDD-21E7-4815-873C-4647325EAEDE}.Debug|Any CPU.ActiveCfg = Debug|Any CPU
		{227B2DDD-21E7-4815-873C-4647325EAEDE}.Debug|Any CPU.Build.0 = Debug|Any CPU
		{227B2DDD-21E7-4815-873C-4647325EAEDE}.Release|Any CPU.ActiveCfg = Release|Any CPU
		{227B2DDD-21E7-4815-873C-4647325EAEDE}.Release|Any CPU.Build.0 = Release|Any CPU
		{B81DFA60-0D92-42CB-837B-D6B9AB58C765}.Debug|Any CPU.ActiveCfg = Debug|Any CPU
		{B81DFA60-0D92-42CB-837B-D6B9AB58C765}.Debug|Any CPU.Build.0 = Debug|Any CPU
		{B81DFA60-0D92-42CB-837B-D6B9AB58C765}.Release|Any CPU.ActiveCfg = Release|Any CPU
		{B81DFA60-0D92-42CB-837B-D6B9AB58C765}.Release|Any CPU.Build.0 = Release|Any CPU
		{63BECBE3-C922-4CC6-ADE0-F88A96604F3D}.Debug|Any CPU.ActiveCfg = Debug|Any CPU
		{63BECBE3-C922-4CC6-ADE0-F88A96604F3D}.Debug|Any CPU.Build.0 = Debug|Any CPU
		{63BECBE3-C922-4CC6-ADE0-F88A96604F3D}.Release|Any CPU.ActiveCfg = Release|Any CPU
		{63BECBE3-C922-4CC6-ADE0-F88A96604F3D}.Release|Any CPU.Build.0 = Release|Any CPU
		{B1654D98-C01F-45B9-AACA-7C3C0246713A}.Debug|Any CPU.ActiveCfg = Debug|Any CPU
		{B1654D98-C01F-45B9-AACA-7C3C0246713A}.Debug|Any CPU.Build.0 = Debug|Any CPU
		{B1654D98-C01F-45B9-AACA-7C3C0246713A}.Release|Any CPU.ActiveCfg = Release|Any CPU
		{B1654D98-C01F-45B9-AACA-7C3C0246713A}.Release|Any CPU.Build.0 = Release|Any CPU
		{CB1D1ACB-1932-4310-881D-E1B2D2D26ED0}.Debug|Any CPU.ActiveCfg = Debug|Any CPU
		{CB1D1ACB-1932-4310-881D-E1B2D2D26ED0}.Debug|Any CPU.Build.0 = Debug|Any CPU
		{CB1D1ACB-1932-4310-881D-E1B2D2D26ED0}.Release|Any CPU.ActiveCfg = Release|Any CPU
		{CB1D1ACB-1932-4310-881D-E1B2D2D26ED0}.Release|Any CPU.Build.0 = Release|Any CPU
		{B40A7350-5B92-4F58-BE7C-A913DE9900D8}.Debug|Any CPU.ActiveCfg = Debug|Any CPU
		{B40A7350-5B92-4F58-BE7C-A913DE9900D8}.Debug|Any CPU.Build.0 = Debug|Any CPU
		{B40A7350-5B92-4F58-BE7C-A913DE9900D8}.Release|Any CPU.ActiveCfg = Release|Any CPU
		{B40A7350-5B92-4F58-BE7C-A913DE9900D8}.Release|Any CPU.Build.0 = Release|Any CPU
		{90D01C33-4F6C-4BAF-A447-F5F17A959BF1}.Debug|Any CPU.ActiveCfg = Debug|Any CPU
		{90D01C33-4F6C-4BAF-A447-F5F17A959BF1}.Debug|Any CPU.Build.0 = Debug|Any CPU
		{90D01C33-4F6C-4BAF-A447-F5F17A959BF1}.Release|Any CPU.ActiveCfg = Release|Any CPU
		{90D01C33-4F6C-4BAF-A447-F5F17A959BF1}.Release|Any CPU.Build.0 = Release|Any CPU
		{33C9AC91-704A-49CF-9C0D-10FD9EF50F7F}.Debug|Any CPU.ActiveCfg = Debug|Any CPU
		{33C9AC91-704A-49CF-9C0D-10FD9EF50F7F}.Debug|Any CPU.Build.0 = Debug|Any CPU
		{33C9AC91-704A-49CF-9C0D-10FD9EF50F7F}.Release|Any CPU.ActiveCfg = Release|Any CPU
		{33C9AC91-704A-49CF-9C0D-10FD9EF50F7F}.Release|Any CPU.Build.0 = Release|Any CPU
		{4AFC7267-A716-4C68-AE41-7A6FB61CF55E}.Debug|Any CPU.ActiveCfg = Debug|Any CPU
		{4AFC7267-A716-4C68-AE41-7A6FB61CF55E}.Debug|Any CPU.Build.0 = Debug|Any CPU
		{4AFC7267-A716-4C68-AE41-7A6FB61CF55E}.Release|Any CPU.ActiveCfg = Release|Any CPU
		{4AFC7267-A716-4C68-AE41-7A6FB61CF55E}.Release|Any CPU.Build.0 = Release|Any CPU
		{8FB92B16-6016-40B1-BBD1-242E2B7BFF9A}.Debug|Any CPU.ActiveCfg = Debug|Any CPU
		{8FB92B16-6016-40B1-BBD1-242E2B7BFF9A}.Debug|Any CPU.Build.0 = Debug|Any CPU
		{8FB92B16-6016-40B1-BBD1-242E2B7BFF9A}.Release|Any CPU.ActiveCfg = Release|Any CPU
		{8FB92B16-6016-40B1-BBD1-242E2B7BFF9A}.Release|Any CPU.Build.0 = Release|Any CPU
		{E5DFBD2F-B76A-40DA-A4F9-1C655A0ED6BC}.Debug|Any CPU.ActiveCfg = Debug|Any CPU
		{E5DFBD2F-B76A-40DA-A4F9-1C655A0ED6BC}.Debug|Any CPU.Build.0 = Debug|Any CPU
		{E5DFBD2F-B76A-40DA-A4F9-1C655A0ED6BC}.Release|Any CPU.ActiveCfg = Release|Any CPU
		{E5DFBD2F-B76A-40DA-A4F9-1C655A0ED6BC}.Release|Any CPU.Build.0 = Release|Any CPU
	EndGlobalSection
	GlobalSection(SolutionProperties) = preSolution
		HideSolutionNode = FALSE
	EndGlobalSection
EndGlobal
